// !$*UTF8*$!
{
	archiveVersion = 1;
	classes = {
	};
	objectVersion = 50;
	objects = {

/* Begin PBXBuildFile section */
		FA1002AD2271041000A4638E /* AppDelegate.swift in Sources */ = {isa = PBXBuildFile; fileRef = FA1002AC2271041000A4638E /* AppDelegate.swift */; };
		FA1002B22271041000A4638E /* Main.storyboard in Resources */ = {isa = PBXBuildFile; fileRef = FA1002B02271041000A4638E /* Main.storyboard */; };
		FA1002B42271041300A4638E /* Assets.xcassets in Resources */ = {isa = PBXBuildFile; fileRef = FA1002B32271041300A4638E /* Assets.xcassets */; };
		FA1002B72271041300A4638E /* LaunchScreen.storyboard in Resources */ = {isa = PBXBuildFile; fileRef = FA1002B52271041300A4638E /* LaunchScreen.storyboard */; };
		FA1002BF2271048B00A4638E /* PaintingViewController.swift in Sources */ = {isa = PBXBuildFile; fileRef = FA1002BE2271048B00A4638E /* PaintingViewController.swift */; };
		FA1002C1227104A400A4638E /* PaintingTableViewCell.swift in Sources */ = {isa = PBXBuildFile; fileRef = FA1002C0227104A400A4638E /* PaintingTableViewCell.swift */; };
		FA1002C322710A6600A4638E /* Painting.swift in Sources */ = {isa = PBXBuildFile; fileRef = FA1002C222710A6600A4638E /* Painting.swift */; };
		FA1002C522710A8900A4638E /* PaintingModel.swift in Sources */ = {isa = PBXBuildFile; fileRef = FA1002C422710A8900A4638E /* PaintingModel.swift */; };
		FA1002C722710A9600A4638E /* PaintingTableViewCellDelegate.swift in Sources */ = {isa = PBXBuildFile; fileRef = FA1002C622710A9600A4638E /* PaintingTableViewCellDelegate.swift */; };
/* End PBXBuildFile section */

/* Begin PBXFileReference section */
		FA1002A92271041000A4638E /* Painting.app */ = {isa = PBXFileReference; explicitFileType = wrapper.application; includeInIndex = 0; path = Painting.app; sourceTree = BUILT_PRODUCTS_DIR; };
		FA1002AC2271041000A4638E /* AppDelegate.swift */ = {isa = PBXFileReference; lastKnownFileType = sourcecode.swift; path = AppDelegate.swift; sourceTree = "<group>"; };
		FA1002B12271041000A4638E /* Base */ = {isa = PBXFileReference; lastKnownFileType = file.storyboard; name = Base; path = Base.lproj/Main.storyboard; sourceTree = "<group>"; };
		FA1002B32271041300A4638E /* Assets.xcassets */ = {isa = PBXFileReference; lastKnownFileType = folder.assetcatalog; path = Assets.xcassets; sourceTree = "<group>"; };
		FA1002B62271041300A4638E /* Base */ = {isa = PBXFileReference; lastKnownFileType = file.storyboard; name = Base; path = Base.lproj/LaunchScreen.storyboard; sourceTree = "<group>"; };
		FA1002B82271041300A4638E /* Info.plist */ = {isa = PBXFileReference; lastKnownFileType = text.plist.xml; path = Info.plist; sourceTree = "<group>"; };
		FA1002BE2271048B00A4638E /* PaintingViewController.swift */ = {isa = PBXFileReference; lastKnownFileType = sourcecode.swift; path = PaintingViewController.swift; sourceTree = "<group>"; };
		FA1002C0227104A400A4638E /* PaintingTableViewCell.swift */ = {isa = PBXFileReference; lastKnownFileType = sourcecode.swift; path = PaintingTableViewCell.swift; sourceTree = "<group>"; };
		FA1002C222710A6600A4638E /* Painting.swift */ = {isa = PBXFileReference; lastKnownFileType = sourcecode.swift; path = Painting.swift; sourceTree = "<group>"; };
		FA1002C422710A8900A4638E /* PaintingModel.swift */ = {isa = PBXFileReference; lastKnownFileType = sourcecode.swift; path = PaintingModel.swift; sourceTree = "<group>"; };
		FA1002C622710A9600A4638E /* PaintingTableViewCellDelegate.swift */ = {isa = PBXFileReference; lastKnownFileType = sourcecode.swift; path = PaintingTableViewCellDelegate.swift; sourceTree = "<group>"; };
/* End PBXFileReference section */

/* Begin PBXFrameworksBuildPhase section */
		FA1002A62271041000A4638E /* Frameworks */ = {
			isa = PBXFrameworksBuildPhase;
			buildActionMask = 2147483647;
			files = (
			);
			runOnlyForDeploymentPostprocessing = 0;
		};
/* End PBXFrameworksBuildPhase section */

/* Begin PBXGroup section */
		FA1002A02271041000A4638E = {
			isa = PBXGroup;
			children = (
				FA1002AB2271041000A4638E /* Painting */,
				FA1002AA2271041000A4638E /* Products */,
			);
			sourceTree = "<group>";
		};
		FA1002AA2271041000A4638E /* Products */ = {
			isa = PBXGroup;
			children = (
				FA1002A92271041000A4638E /* Painting.app */,
			);
			name = Products;
			sourceTree = "<group>";
		};
		FA1002AB2271041000A4638E /* Painting */ = {
			isa = PBXGroup;
			children = (
				FA1002AC2271041000A4638E /* AppDelegate.swift */,
				FA1002B02271041000A4638E /* Main.storyboard */,
				FA1002B32271041300A4638E /* Assets.xcassets */,
				FA1002B52271041300A4638E /* LaunchScreen.storyboard */,
				FA1002B82271041300A4638E /* Info.plist */,
				FA1002BE2271048B00A4638E /* PaintingViewController.swift */,
				FA1002C0227104A400A4638E /* PaintingTableViewCell.swift */,
				FA1002C222710A6600A4638E /* Painting.swift */,
				FA1002C422710A8900A4638E /* PaintingModel.swift */,
				FA1002C622710A9600A4638E /* PaintingTableViewCellDelegate.swift */,
			);
			path = Painting;
			sourceTree = "<group>";
		};
/* End PBXGroup section */

/* Begin PBXNativeTarget section */
		FA1002A82271041000A4638E /* Painting */ = {
			isa = PBXNativeTarget;
			buildConfigurationList = FA1002BB2271041300A4638E /* Build configuration list for PBXNativeTarget "Painting" */;
			buildPhases = (
				FA1002A52271041000A4638E /* Sources */,
				FA1002A62271041000A4638E /* Frameworks */,
				FA1002A72271041000A4638E /* Resources */,
			);
			buildRules = (
			);
			dependencies = (
			);
			name = Painting;
			productName = Painting;
			productReference = FA1002A92271041000A4638E /* Painting.app */;
			productType = "com.apple.product-type.application";
		};
/* End PBXNativeTarget section */

/* Begin PBXProject section */
		FA1002A12271041000A4638E /* Project object */ = {
			isa = PBXProject;
			attributes = {
				LastSwiftUpdateCheck = 1020;
				LastUpgradeCheck = 1020;
				ORGANIZATIONNAME = Alex;
				TargetAttributes = {
					FA1002A82271041000A4638E = {
						CreatedOnToolsVersion = 10.2;
					};
				};
			};
			buildConfigurationList = FA1002A42271041000A4638E /* Build configuration list for PBXProject "Painting" */;
			compatibilityVersion = "Xcode 9.3";
			developmentRegion = en;
			hasScannedForEncodings = 0;
			knownRegions = (
				en,
				Base,
			);
			mainGroup = FA1002A02271041000A4638E;
			productRefGroup = FA1002AA2271041000A4638E /* Products */;
			projectDirPath = "";
			projectRoot = "";
			targets = (
				FA1002A82271041000A4638E /* Painting */,
			);
		};
/* End PBXProject section */

/* Begin PBXResourcesBuildPhase section */
		FA1002A72271041000A4638E /* Resources */ = {
			isa = PBXResourcesBuildPhase;
			buildActionMask = 2147483647;
			files = (
				FA1002B72271041300A4638E /* LaunchScreen.storyboard in Resources */,
				FA1002B42271041300A4638E /* Assets.xcassets in Resources */,
				FA1002B22271041000A4638E /* Main.storyboard in Resources */,
			);
			runOnlyForDeploymentPostprocessing = 0;
		};
/* End PBXResourcesBuildPhase section */

/* Begin PBXSourcesBuildPhase section */
		FA1002A52271041000A4638E /* Sources */ = {
			isa = PBXSourcesBuildPhase;
			buildActionMask = 2147483647;
			files = (
				FA1002C722710A9600A4638E /* PaintingTableViewCellDelegate.swift in Sources */,
				FA1002C522710A8900A4638E /* PaintingModel.swift in Sources */,
				FA1002AD2271041000A4638E /* AppDelegate.swift in Sources */,
				FA1002C322710A6600A4638E /* Painting.swift in Sources */,
				FA1002BF2271048B00A4638E /* PaintingViewController.swift in Sources */,
				FA1002C1227104A400A4638E /* PaintingTableViewCell.swift in Sources */,
			);
			runOnlyForDeploymentPostprocessing = 0;
		};
/* End PBXSourcesBuildPhase section */

/* Begin PBXVariantGroup section */
		FA1002B02271041000A4638E /* Main.storyboard */ = {
			isa = PBXVariantGroup;
			children = (
				FA1002B12271041000A4638E /* Base */,
			);
			name = Main.storyboard;
			sourceTree = "<group>";
		};
		FA1002B52271041300A4638E /* LaunchScreen.storyboard */ = {
			isa = PBXVariantGroup;
			children = (
				FA1002B62271041300A4638E /* Base */,
			);
			name = LaunchScreen.storyboard;
			sourceTree = "<group>";
		};
/* End PBXVariantGroup section */

/* Begin XCBuildConfiguration section */
		FA1002B92271041300A4638E /* Debug */ = {
			isa = XCBuildConfiguration;
			buildSettings = {
				ALWAYS_SEARCH_USER_PATHS = NO;
				CLANG_ANALYZER_NONNULL = YES;
				CLANG_ANALYZER_NUMBER_OBJECT_CONVERSION = YES_AGGRESSIVE;
				CLANG_CXX_LANGUAGE_STANDARD = "gnu++14";
				CLANG_CXX_LIBRARY = "libc++";
				CLANG_ENABLE_MODULES = YES;
				CLANG_ENABLE_OBJC_ARC = YES;
				CLANG_ENABLE_OBJC_WEAK = YES;
				CLANG_WARN_BLOCK_CAPTURE_AUTORELEASING = YES;
				CLANG_WARN_BOOL_CONVERSION = YES;
				CLANG_WARN_COMMA = YES;
				CLANG_WARN_CONSTANT_CONVERSION = YES;
				CLANG_WARN_DEPRECATED_OBJC_IMPLEMENTATIONS = YES;
				CLANG_WARN_DIRECT_OBJC_ISA_USAGE = YES_ERROR;
				CLANG_WARN_DOCUMENTATION_COMMENTS = YES;
				CLANG_WARN_EMPTY_BODY = YES;
				CLANG_WARN_ENUM_CONVERSION = YES;
				CLANG_WARN_INFINITE_RECURSION = YES;
				CLANG_WARN_INT_CONVERSION = YES;
				CLANG_WARN_NON_LITERAL_NULL_CONVERSION = YES;
				CLANG_WARN_OBJC_IMPLICIT_RETAIN_SELF = YES;
				CLANG_WARN_OBJC_LITERAL_CONVERSION = YES;
				CLANG_WARN_OBJC_ROOT_CLASS = YES_ERROR;
				CLANG_WARN_RANGE_LOOP_ANALYSIS = YES;
				CLANG_WARN_STRICT_PROTOTYPES = YES;
				CLANG_WARN_SUSPICIOUS_MOVE = YES;
				CLANG_WARN_UNGUARDED_AVAILABILITY = YES_AGGRESSIVE;
				CLANG_WARN_UNREACHABLE_CODE = YES;
				CLANG_WARN__DUPLICATE_METHOD_MATCH = YES;
				CODE_SIGN_IDENTITY = "iPhone Developer";
				COPY_PHASE_STRIP = NO;
				DEBUG_INFORMATION_FORMAT = dwarf;
				ENABLE_STRICT_OBJC_MSGSEND = YES;
				ENABLE_TESTABILITY = YES;
				GCC_C_LANGUAGE_STANDARD = gnu11;
				GCC_DYNAMIC_NO_PIC = NO;
				GCC_NO_COMMON_BLOCKS = YES;
				GCC_OPTIMIZATION_LEVEL = 0;
				GCC_PREPROCESSOR_DEFINITIONS = (
					"DEBUG=1",
					"$(inherited)",
				);
				GCC_WARN_64_TO_32_BIT_CONVERSION = YES;
				GCC_WARN_ABOUT_RETURN_TYPE = YES_ERROR;
				GCC_WARN_UNDECLARED_SELECTOR = YES;
				GCC_WARN_UNINITIALIZED_AUTOS = YES_AGGRESSIVE;
				GCC_WARN_UNUSED_FUNCTION = YES;
				GCC_WARN_UNUSED_VARIABLE = YES;
				IPHONEOS_DEPLOYMENT_TARGET = 12.2;
				MTL_ENABLE_DEBUG_INFO = INCLUDE_SOURCE;
				MTL_FAST_MATH = YES;
				ONLY_ACTIVE_ARCH = YES;
				SDKROOT = iphoneos;
				SWIFT_ACTIVE_COMPILATION_CONDITIONS = DEBUG;
				SWIFT_OPTIMIZATION_LEVEL = "-Onone";
			};
			name = Debug;
		};
		FA1002BA2271041300A4638E /* Release */ = {
			isa = XCBuildConfiguration;
			buildSettings = {
				ALWAYS_SEARCH_USER_PATHS = NO;
				CLANG_ANALYZER_NONNULL = YES;
				CLANG_ANALYZER_NUMBER_OBJECT_CONVERSION = YES_AGGRESSIVE;
				CLANG_CXX_LANGUAGE_STANDARD = "gnu++14";
				CLANG_CXX_LIBRARY = "libc++";
				CLANG_ENABLE_MODULES = YES;
				CLANG_ENABLE_OBJC_ARC = YES;
				CLANG_ENABLE_OBJC_WEAK = YES;
				CLANG_WARN_BLOCK_CAPTURE_AUTORELEASING = YES;
				CLANG_WARN_BOOL_CONVERSION = YES;
				CLANG_WARN_COMMA = YES;
				CLANG_WARN_CONSTANT_CONVERSION = YES;
				CLANG_WARN_DEPRECATED_OBJC_IMPLEMENTATIONS = YES;
				CLANG_WARN_DIRECT_OBJC_ISA_USAGE = YES_ERROR;
				CLANG_WARN_DOCUMENTATION_COMMENTS = YES;
				CLANG_WARN_EMPTY_BODY = YES;
				CLANG_WARN_ENUM_CONVERSION = YES;
				CLANG_WARN_INFINITE_RECURSION = YES;
				CLANG_WARN_INT_CONVERSION = YES;
				CLANG_WARN_NON_LITERAL_NULL_CONVERSION = YES;
				CLANG_WARN_OBJC_IMPLICIT_RETAIN_SELF = YES;
				CLANG_WARN_OBJC_LITERAL_CONVERSION = YES;
				CLANG_WARN_OBJC_ROOT_CLASS = YES_ERROR;
				CLANG_WARN_RANGE_LOOP_ANALYSIS = YES;
				CLANG_WARN_STRICT_PROTOTYPES = YES;
				CLANG_WARN_SUSPICIOUS_MOVE = YES;
				CLANG_WARN_UNGUARDED_AVAILABILITY = YES_AGGRESSIVE;
				CLANG_WARN_UNREACHABLE_CODE = YES;
				CLANG_WARN__DUPLICATE_METHOD_MATCH = YES;
				CODE_SIGN_IDENTITY = "iPhone Developer";
				COPY_PHASE_STRIP = NO;
				DEBUG_INFORMATION_FORMAT = "dwarf-with-dsym";
				ENABLE_NS_ASSERTIONS = NO;
				ENABLE_STRICT_OBJC_MSGSEND = YES;
				GCC_C_LANGUAGE_STANDARD = gnu11;
				GCC_NO_COMMON_BLOCKS = YES;
				GCC_WARN_64_TO_32_BIT_CONVERSION = YES;
				GCC_WARN_ABOUT_RETURN_TYPE = YES_ERROR;
				GCC_WARN_UNDECLARED_SELECTOR = YES;
				GCC_WARN_UNINITIALIZED_AUTOS = YES_AGGRESSIVE;
				GCC_WARN_UNUSED_FUNCTION = YES;
				GCC_WARN_UNUSED_VARIABLE = YES;
				IPHONEOS_DEPLOYMENT_TARGET = 12.2;
				MTL_ENABLE_DEBUG_INFO = NO;
				MTL_FAST_MATH = YES;
				SDKROOT = iphoneos;
				SWIFT_COMPILATION_MODE = wholemodule;
				SWIFT_OPTIMIZATION_LEVEL = "-O";
				VALIDATE_PRODUCT = YES;
			};
			name = Release;
		};
		FA1002BC2271041300A4638E /* Debug */ = {
			isa = XCBuildConfiguration;
			buildSettings = {
				ASSETCATALOG_COMPILER_APPICON_NAME = AppIcon;
				CODE_SIGN_STYLE = Automatic;
				DEVELOPMENT_TEAM = PN2DL855CJ;
				INFOPLIST_FILE = Painting/Info.plist;
				LD_RUNPATH_SEARCH_PATHS = (
					"$(inherited)",
					"@executable_path/Frameworks",
				);
				PRODUCT_BUNDLE_IDENTIFIER = com.weekend.Painting;
				PRODUCT_NAME = "$(TARGET_NAME)";
				SWIFT_VERSION = 5.0;
				TARGETED_DEVICE_FAMILY = "1,2";
			};
			name = Debug;
		};
		FA1002BD2271041300A4638E /* Release */ = {
			isa = XCBuildConfiguration;
			buildSettings = {
				ASSETCATALOG_COMPILER_APPICON_NAME = AppIcon;
				CODE_SIGN_STYLE = Automatic;
				DEVELOPMENT_TEAM = PN2DL855CJ;
				INFOPLIST_FILE = Painting/Info.plist;
				LD_RUNPATH_SEARCH_PATHS = (
					"$(inherited)",
					"@executable_path/Frameworks",
				);
				PRODUCT_BUNDLE_IDENTIFIER = com.weekend.Painting;
				PRODUCT_NAME = "$(TARGET_NAME)";
				SWIFT_VERSION = 5.0;
				TARGETED_DEVICE_FAMILY = "1,2";
			};
			name = Release;
		};
/* End XCBuildConfiguration section */

/* Begin XCConfigurationList section */
		FA1002A42271041000A4638E /* Build configuration list for PBXProject "Painting" */ = {
			isa = XCConfigurationList;
			buildConfigurations = (
				FA1002B92271041300A4638E /* Debug */,
				FA1002BA2271041300A4638E /* Release */,
			);
			defaultConfigurationIsVisible = 0;
			defaultConfigurationName = Release;
		};
		FA1002BB2271041300A4638E /* Build configuration list for PBXNativeTarget "Painting" */ = {
			isa = XCConfigurationList;
			buildConfigurations = (
				FA1002BC2271041300A4638E /* Debug */,
				FA1002BD2271041300A4638E /* Release */,
			);
			defaultConfigurationIsVisible = 0;
			defaultConfigurationName = Release;
		};
/* End XCConfigurationList section */
	};
	rootObject = FA1002A12271041000A4638E /* Project object */;
}
